# This file was autogenerated by Stack.
# You should not edit this file by hand.
# For more information, please see the documentation at:
#   https://docs.haskellstack.org/en/stable/lock_files

packages:
- completed:
    hackage: timeit-2.0@sha256:35d7c3ce64b458bbb1200320203f21281c975c85acc636a634500601c474fded,1197
    pantry-tree:
      size: 259
      sha256: c37c98f2173d5c1a651483b90163cdb9384a6d76b0adb7dfad58cbc9e9b7be86
  original:
    hackage: timeit-2.0
snapshots:
- completed:
    size: 531674
    url: https://raw.githubusercontent.com/commercialhaskell/stackage-snapshots/master/lts/16/2.yaml
    sha256: 4b08fb9338ca297de7ade8318f4be1216f14dff8c0426c001fb7886ee88cb84a
  original: lts-16.2
